
Microsoft Visual Studio Solution File, Format Version 12.00
# Visual Studio Version 16
VisualStudioVersion = 25.0.1703.8
MinimumVisualStudioVersion = 10.0.40219.1
Project("{FAE04EC0-301F-11D3-BF4B-00C04F79EFBC}") = "markelapi", "markelapi\markelapi.csproj", "{87F5A3D0-3AE7-4A7A-90FB-4517EAE2F0B8}"
EndProject
Global
	GlobalSection(SolutionConfigurationPlatforms) = preSolution
		Debug|Any CPU = Debug|Any CPU
		Release|Any CPU = Release|Any CPU
	EndGlobalSection
	GlobalSection(ProjectConfigurationPlatforms) = postSolution
		{87F5A3D0-3AE7-4A7A-90FB-4517EAE2F0B8}.Debug|Any CPU.ActiveCfg = Debug|Any CPU
		{87F5A3D0-3AE7-4A7A-90FB-4517EAE2F0B8}.Debug|Any CPU.Build.0 = Debug|Any CPU
		{87F5A3D0-3AE7-4A7A-90FB-4517EAE2F0B8}.Release|Any CPU.ActiveCfg = Release|Any CPU
		{87F5A3D0-3AE7-4A7A-90FB-4517EAE2F0B8}.Release|Any CPU.Build.0 = Release|Any CPU
	EndGlobalSection
	GlobalSection(SolutionProperties) = preSolution
		HideSolutionNode = FALSE
	EndGlobalSection
	GlobalSection(ExtensibilityGlobals) = postSolution
		SolutionGuid = {784EF008-B573-4CEC-B8C7-3D8CDC66B735}
	EndGlobalSection
EndGlobal
